
Microsoft Visual Studio Solution File, Format Version 12.00
# Visual Studio 14
VisualStudioVersion = 14.0.25420.1
MinimumVisualStudioVersion = 10.0.40219.1
Project("{FAE04EC0-301F-11D3-BF4B-00C04F79EFBC}") = "Xamarin.AplicacaoMVVM.Android", "Xamarin.AplicacaoMVVM\Xamarin.AplicacaoMVVM.Android\Xamarin.AplicacaoMVVM.Android.csproj", "{83395C1C-C254-44C8-9FBC-97C6B25E2EBE}"
EndProject
Project("{FAE04EC0-301F-11D3-BF4B-00C04F79EFBC}") = "Xamarin.AplicacaoMVVM", "Xamarin.AplicacaoMVVM\Xamarin.AplicacaoMVVM\Xamarin.AplicacaoMVVM.csproj", "{06999FA9-0548-427D-83B1-CC2720CF9045}"
EndProject
Project("{FAE04EC0-301F-11D3-BF4B-00C04F79EFBC}") = "Xamarin.AplicacaoMVVM.UWP", "Xamarin.AplicacaoMVVM\Xamarin.AplicacaoMVVM.UWP\Xamarin.AplicacaoMVVM.UWP.csproj", "{BDBB2C23-AF0C-429D-94FA-27F6385868BA}"
EndProject
Project("{FAE04EC0-301F-11D3-BF4B-00C04F79EFBC}") = "Xamarin.AplicacaoMVVM.iOS", "Xamarin.AplicacaoMVVM\Xamarin.AplicacaoMVVM.iOS\Xamarin.AplicacaoMVVM.iOS.csproj", "{0662E699-695E-4D9A-A1C5-93353D18C6C3}"
EndProject
Global
	GlobalSection(SolutionConfigurationPlatforms) = preSolution
		Ad-Hoc|Any CPU = Ad-Hoc|Any CPU
		Ad-Hoc|ARM = Ad-Hoc|ARM
		Ad-Hoc|iPhone = Ad-Hoc|iPhone
		Ad-Hoc|iPhoneSimulator = Ad-Hoc|iPhoneSimulator
		Ad-Hoc|x64 = Ad-Hoc|x64
		Ad-Hoc|x86 = Ad-Hoc|x86
		AppStore|Any CPU = AppStore|Any CPU
		AppStore|ARM = AppStore|ARM
		AppStore|iPhone = AppStore|iPhone
		AppStore|iPhoneSimulator = AppStore|iPhoneSimulator
		AppStore|x64 = AppStore|x64
		AppStore|x86 = AppStore|x86
		Debug|Any CPU = Debug|Any CPU
		Debug|ARM = Debug|ARM
		Debug|iPhone = Debug|iPhone
		Debug|iPhoneSimulator = Debug|iPhoneSimulator
		Debug|x64 = Debug|x64
		Debug|x86 = Debug|x86
		Release|Any CPU = Release|Any CPU
		Release|ARM = Release|ARM
		Release|iPhone = Release|iPhone
		Release|iPhoneSimulator = Release|iPhoneSimulator
		Release|x64 = Release|x64
		Release|x86 = Release|x86
	EndGlobalSection
	GlobalSection(ProjectConfigurationPlatforms) = postSolution
		{83395C1C-C254-44C8-9FBC-97C6B25E2EBE}.Ad-Hoc|Any CPU.ActiveCfg = Release|Any CPU
		{83395C1C-C254-44C8-9FBC-97C6B25E2EBE}.Ad-Hoc|Any CPU.Build.0 = Release|Any CPU
		{83395C1C-C254-44C8-9FBC-97C6B25E2EBE}.Ad-Hoc|Any CPU.Deploy.0 = Release|Any CPU
		{83395C1C-C254-44C8-9FBC-97C6B25E2EBE}.Ad-Hoc|ARM.ActiveCfg = Release|Any CPU
		{83395C1C-C254-44C8-9FBC-97C6B25E2EBE}.Ad-Hoc|ARM.Build.0 = Release|Any CPU
		{83395C1C-C254-44C8-9FBC-97C6B25E2EBE}.Ad-Hoc|ARM.Deploy.0 = Release|Any CPU
		{83395C1C-C254-44C8-9FBC-97C6B25E2EBE}.Ad-Hoc|iPhone.ActiveCfg = Release|Any CPU
		{83395C1C-C254-44C8-9FBC-97C6B25E2EBE}.Ad-Hoc|iPhone.Build.0 = Release|Any CPU
		{83395C1C-C254-44C8-9FBC-97C6B25E2EBE}.Ad-Hoc|iPhone.Deploy.0 = Release|Any CPU
		{83395C1C-C254-44C8-9FBC-97C6B25E2EBE}.Ad-Hoc|iPhoneSimulator.ActiveCfg = Release|Any CPU
		{83395C1C-C254-44C8-9FBC-97C6B25E2EBE}.Ad-Hoc|iPhoneSimulator.Build.0 = Release|Any CPU
		{83395C1C-C254-44C8-9FBC-97C6B25E2EBE}.Ad-Hoc|iPhoneSimulator.Deploy.0 = Release|Any CPU
		{83395C1C-C254-44C8-9FBC-97C6B25E2EBE}.Ad-Hoc|x64.ActiveCfg = Release|Any CPU
		{83395C1C-C254-44C8-9FBC-97C6B25E2EBE}.Ad-Hoc|x64.Build.0 = Release|Any CPU
		{83395C1C-C254-44C8-9FBC-97C6B25E2EBE}.Ad-Hoc|x64.Deploy.0 = Release|Any CPU
		{83395C1C-C254-44C8-9FBC-97C6B25E2EBE}.Ad-Hoc|x86.ActiveCfg = Release|Any CPU
		{83395C1C-C254-44C8-9FBC-97C6B25E2EBE}.Ad-Hoc|x86.Build.0 = Release|Any CPU
		{83395C1C-C254-44C8-9FBC-97C6B25E2EBE}.Ad-Hoc|x86.Deploy.0 = Release|Any CPU
		{83395C1C-C254-44C8-9FBC-97C6B25E2EBE}.AppStore|Any CPU.ActiveCfg = Release|Any CPU
		{83395C1C-C254-44C8-9FBC-97C6B25E2EBE}.AppStore|Any CPU.Build.0 = Release|Any CPU
		{83395C1C-C254-44C8-9FBC-97C6B25E2EBE}.AppStore|Any CPU.Deploy.0 = Release|Any CPU
		{83395C1C-C254-44C8-9FBC-97C6B25E2EBE}.AppStore|ARM.ActiveCfg = Release|Any CPU
		{83395C1C-C254-44C8-9FBC-97C6B25E2EBE}.AppStore|ARM.Build.0 = Release|Any CPU
		{83395C1C-C254-44C8-9FBC-97C6B25E2EBE}.AppStore|ARM.Deploy.0 = Release|Any CPU
		{83395C1C-C254-44C8-9FBC-97C6B25E2EBE}.AppStore|iPhone.ActiveCfg = Release|Any CPU
		{83395C1C-C254-44C8-9FBC-97C6B25E2EBE}.AppStore|iPhone.Build.0 = Release|Any CPU
		{83395C1C-C254-44C8-9FBC-97C6B25E2EBE}.AppStore|iPhone.Deploy.0 = Release|Any CPU
		{83395C1C-C254-44C8-9FBC-97C6B25E2EBE}.AppStore|iPhoneSimulator.ActiveCfg = Release|Any CPU
		{83395C1C-C254-44C8-9FBC-97C6B25E2EBE}.AppStore|iPhoneSimulator.Build.0 = Release|Any CPU
		{83395C1C-C254-44C8-9FBC-97C6B25E2EBE}.AppStore|iPhoneSimulator.Deploy.0 = Release|Any CPU
		{83395C1C-C254-44C8-9FBC-97C6B25E2EBE}.AppStore|x64.ActiveCfg = Release|Any CPU
		{83395C1C-C254-44C8-9FBC-97C6B25E2EBE}.AppStore|x64.Build.0 = Release|Any CPU
		{83395C1C-C254-44C8-9FBC-97C6B25E2EBE}.AppStore|x64.Deploy.0 = Release|Any CPU
		{83395C1C-C254-44C8-9FBC-97C6B25E2EBE}.AppStore|x86.ActiveCfg = Release|Any CPU
		{83395C1C-C254-44C8-9FBC-97C6B25E2EBE}.AppStore|x86.Build.0 = Release|Any CPU
		{83395C1C-C254-44C8-9FBC-97C6B25E2EBE}.AppStore|x86.Deploy.0 = Release|Any CPU
		{83395C1C-C254-44C8-9FBC-97C6B25E2EBE}.Debug|Any CPU.ActiveCfg = Debug|Any CPU
		{83395C1C-C254-44C8-9FBC-97C6B25E2EBE}.Debug|Any CPU.Build.0 = Debug|Any CPU
		{83395C1C-C254-44C8-9FBC-97C6B25E2EBE}.Debug|Any CPU.Deploy.0 = Debug|Any CPU
		{83395C1C-C254-44C8-9FBC-97C6B25E2EBE}.Debug|ARM.ActiveCfg = Debug|Any CPU
		{83395C1C-C254-44C8-9FBC-97C6B25E2EBE}.Debug|ARM.Build.0 = Debug|Any CPU
		{83395C1C-C254-44C8-9FBC-97C6B25E2EBE}.Debug|ARM.Deploy.0 = Debug|Any CPU
		{83395C1C-C254-44C8-9FBC-97C6B25E2EBE}.Debug|iPhone.ActiveCfg = Debug|Any CPU
		{83395C1C-C254-44C8-9FBC-97C6B25E2EBE}.Debug|iPhone.Build.0 = Debug|Any CPU
		{83395C1C-C254-44C8-9FBC-97C6B25E2EBE}.Debug|iPhone.Deploy.0 = Debug|Any CPU
		{83395C1C-C254-44C8-9FBC-97C6B25E2EBE}.Debug|iPhoneSimulator.ActiveCfg = Debug|Any CPU
		{83395C1C-C254-44C8-9FBC-97C6B25E2EBE}.Debug|iPhoneSimulator.Build.0 = Debug|Any CPU
		{83395C1C-C254-44C8-9FBC-97C6B25E2EBE}.Debug|iPhoneSimulator.Deploy.0 = Debug|Any CPU
		{83395C1C-C254-44C8-9FBC-97C6B25E2EBE}.Debug|x64.ActiveCfg = Debug|Any CPU
		{83395C1C-C254-44C8-9FBC-97C6B25E2EBE}.Debug|x64.Build.0 = Debug|Any CPU
		{83395C1C-C254-44C8-9FBC-97C6B25E2EBE}.Debug|x64.Deploy.0 = Debug|Any CPU
		{83395C1C-C254-44C8-9FBC-97C6B25E2EBE}.Debug|x86.ActiveCfg = Debug|Any CPU
		{83395C1C-C254-44C8-9FBC-97C6B25E2EBE}.Debug|x86.Build.0 = Debug|Any CPU
		{83395C1C-C254-44C8-9FBC-97C6B25E2EBE}.Debug|x86.Deploy.0 = Debug|Any CPU
		{83395C1C-C254-44C8-9FBC-97C6B25E2EBE}.Release|Any CPU.ActiveCfg = Release|Any CPU
		{83395C1C-C254-44C8-9FBC-97C6B25E2EBE}.Release|Any CPU.Build.0 = Release|Any CPU
		{83395C1C-C254-44C8-9FBC-97C6B25E2EBE}.Release|Any CPU.Deploy.0 = Release|Any CPU
		{83395C1C-C254-44C8-9FBC-97C6B25E2EBE}.Release|ARM.ActiveCfg = Release|Any CPU
		{83395C1C-C254-44C8-9FBC-97C6B25E2EBE}.Release|ARM.Build.0 = Release|Any CPU
		{83395C1C-C254-44C8-9FBC-97C6B25E2EBE}.Release|ARM.Deploy.0 = Release|Any CPU
		{83395C1C-C254-44C8-9FBC-97C6B25E2EBE}.Release|iPhone.ActiveCfg = Release|Any CPU
		{83395C1C-C254-44C8-9FBC-97C6B25E2EBE}.Release|iPhone.Build.0 = Release|Any CPU
		{83395C1C-C254-44C8-9FBC-97C6B25E2EBE}.Release|iPhone.Deploy.0 = Release|Any CPU
		{83395C1C-C254-44C8-9FBC-97C6B25E2EBE}.Release|iPhoneSimulator.ActiveCfg = Release|Any CPU
		{83395C1C-C254-44C8-9FBC-97C6B25E2EBE}.Release|iPhoneSimulator.Build.0 = Release|Any CPU
		{83395C1C-C254-44C8-9FBC-97C6B25E2EBE}.Release|iPhoneSimulator.Deploy.0 = Release|Any CPU
		{83395C1C-C254-44C8-9FBC-97C6B25E2EBE}.Release|x64.ActiveCfg = Release|Any CPU
		{83395C1C-C254-44C8-9FBC-97C6B25E2EBE}.Release|x64.Build.0 = Release|Any CPU
		{83395C1C-C254-44C8-9FBC-97C6B25E2EBE}.Release|x64.Deploy.0 = Release|Any CPU
		{83395C1C-C254-44C8-9FBC-97C6B25E2EBE}.Release|x86.ActiveCfg = Release|Any CPU
		{83395C1C-C254-44C8-9FBC-97C6B25E2EBE}.Release|x86.Build.0 = Release|Any CPU
		{83395C1C-C254-44C8-9FBC-97C6B25E2EBE}.Release|x86.Deploy.0 = Release|Any CPU
		{06999FA9-0548-427D-83B1-CC2720CF9045}.Ad-Hoc|Any CPU.ActiveCfg = Release|Any CPU
		{06999FA9-0548-427D-83B1-CC2720CF9045}.Ad-Hoc|Any CPU.Build.0 = Release|Any CPU
		{06999FA9-0548-427D-83B1-CC2720CF9045}.Ad-Hoc|ARM.ActiveCfg = Release|Any CPU
		{06999FA9-0548-427D-83B1-CC2720CF9045}.Ad-Hoc|ARM.Build.0 = Release|Any CPU
		{06999FA9-0548-427D-83B1-CC2720CF9045}.Ad-Hoc|iPhone.ActiveCfg = Release|Any CPU
		{06999FA9-0548-427D-83B1-CC2720CF9045}.Ad-Hoc|iPhone.Build.0 = Release|Any CPU
		{06999FA9-0548-427D-83B1-CC2720CF9045}.Ad-Hoc|iPhoneSimulator.ActiveCfg = Release|Any CPU
		{06999FA9-0548-427D-83B1-CC2720CF9045}.Ad-Hoc|iPhoneSimulator.Build.0 = Release|Any CPU
		{06999FA9-0548-427D-83B1-CC2720CF9045}.Ad-Hoc|x64.ActiveCfg = Release|Any CPU
		{06999FA9-0548-427D-83B1-CC2720CF9045}.Ad-Hoc|x64.Build.0 = Release|Any CPU
		{06999FA9-0548-427D-83B1-CC2720CF9045}.Ad-Hoc|x86.ActiveCfg = Release|Any CPU
		{06999FA9-0548-427D-83B1-CC2720CF9045}.Ad-Hoc|x86.Build.0 = Release|Any CPU
		{06999FA9-0548-427D-83B1-CC2720CF9045}.AppStore|Any CPU.ActiveCfg = Release|Any CPU
		{06999FA9-0548-427D-83B1-CC2720CF9045}.AppStore|Any CPU.Build.0 = Release|Any CPU
		{06999FA9-0548-427D-83B1-CC2720CF9045}.AppStore|ARM.ActiveCfg = Release|Any CPU
		{06999FA9-0548-427D-83B1-CC2720CF9045}.AppStore|ARM.Build.0 = Release|Any CPU
		{06999FA9-0548-427D-83B1-CC2720CF9045}.AppStore|iPhone.ActiveCfg = Release|Any CPU
		{06999FA9-0548-427D-83B1-CC2720CF9045}.AppStore|iPhone.Build.0 = Release|Any CPU
		{06999FA9-0548-427D-83B1-CC2720CF9045}.AppStore|iPhoneSimulator.ActiveCfg = Release|Any CPU
		{06999FA9-0548-427D-83B1-CC2720CF9045}.AppStore|iPhoneSimulator.Build.0 = Release|Any CPU
		{06999FA9-0548-427D-83B1-CC2720CF9045}.AppStore|x64.ActiveCfg = Release|Any CPU
		{06999FA9-0548-427D-83B1-CC2720CF9045}.AppStore|x64.Build.0 = Release|Any CPU
		{06999FA9-0548-427D-83B1-CC2720CF9045}.AppStore|x86.ActiveCfg = Release|Any CPU
		{06999FA9-0548-427D-83B1-CC2720CF9045}.AppStore|x86.Build.0 = Release|Any CPU
		{06999FA9-0548-427D-83B1-CC2720CF9045}.Debug|Any CPU.ActiveCfg = Debug|Any CPU
		{06999FA9-0548-427D-83B1-CC2720CF9045}.Debug|Any CPU.Build.0 = Debug|Any CPU
		{06999FA9-0548-427D-83B1-CC2720CF9045}.Debug|ARM.ActiveCfg = Debug|Any CPU
		{06999FA9-0548-427D-83B1-CC2720CF9045}.Debug|ARM.Build.0 = Debug|Any CPU
		{06999FA9-0548-427D-83B1-CC2720CF9045}.Debug|iPhone.ActiveCfg = Debug|Any CPU
		{06999FA9-0548-427D-83B1-CC2720CF9045}.Debug|iPhone.Build.0 = Debug|Any CPU
		{06999FA9-0548-427D-83B1-CC2720CF9045}.Debug|iPhoneSimulator.ActiveCfg = Debug|Any CPU
		{06999FA9-0548-427D-83B1-CC2720CF9045}.Debug|iPhoneSimulator.Build.0 = Debug|Any CPU
		{06999FA9-0548-427D-83B1-CC2720CF9045}.Debug|x64.ActiveCfg = Debug|Any CPU
		{06999FA9-0548-427D-83B1-CC2720CF9045}.Debug|x64.Build.0 = Debug|Any CPU
		{06999FA9-0548-427D-83B1-CC2720CF9045}.Debug|x86.ActiveCfg = Debug|Any CPU
		{06999FA9-0548-427D-83B1-CC2720CF9045}.Debug|x86.Build.0 = Debug|Any CPU
		{06999FA9-0548-427D-83B1-CC2720CF9045}.Release|Any CPU.ActiveCfg = Release|Any CPU
		{06999FA9-0548-427D-83B1-CC2720CF9045}.Release|Any CPU.Build.0 = Release|Any CPU
		{06999FA9-0548-427D-83B1-CC2720CF9045}.Release|ARM.ActiveCfg = Release|Any CPU
		{06999FA9-0548-427D-83B1-CC2720CF9045}.Release|ARM.Build.0 = Release|Any CPU
		{06999FA9-0548-427D-83B1-CC2720CF9045}.Release|iPhone.ActiveCfg = Release|Any CPU
		{06999FA9-0548-427D-83B1-CC2720CF9045}.Release|iPhone.Build.0 = Release|Any CPU
		{06999FA9-0548-427D-83B1-CC2720CF9045}.Release|iPhoneSimulator.ActiveCfg = Release|Any CPU
		{06999FA9-0548-427D-83B1-CC2720CF9045}.Release|iPhoneSimulator.Build.0 = Release|Any CPU
		{06999FA9-0548-427D-83B1-CC2720CF9045}.Release|x64.ActiveCfg = Release|Any CPU
		{06999FA9-0548-427D-83B1-CC2720CF9045}.Release|x64.Build.0 = Release|Any CPU
		{06999FA9-0548-427D-83B1-CC2720CF9045}.Release|x86.ActiveCfg = Release|Any CPU
		{06999FA9-0548-427D-83B1-CC2720CF9045}.Release|x86.Build.0 = Release|Any CPU
		{BDBB2C23-AF0C-429D-94FA-27F6385868BA}.Ad-Hoc|Any CPU.ActiveCfg = Release|x86
		{BDBB2C23-AF0C-429D-94FA-27F6385868BA}.Ad-Hoc|Any CPU.Build.0 = Release|x86
		{BDBB2C23-AF0C-429D-94FA-27F6385868BA}.Ad-Hoc|Any CPU.Deploy.0 = Release|x86
		{BDBB2C23-AF0C-429D-94FA-27F6385868BA}.Ad-Hoc|ARM.ActiveCfg = Release|ARM
		{BDBB2C23-AF0C-429D-94FA-27F6385868BA}.Ad-Hoc|ARM.Build.0 = Release|ARM
		{BDBB2C23-AF0C-429D-94FA-27F6385868BA}.Ad-Hoc|ARM.Deploy.0 = Release|ARM
		{BDBB2C23-AF0C-429D-94FA-27F6385868BA}.Ad-Hoc|iPhone.ActiveCfg = Release|x86
		{BDBB2C23-AF0C-429D-94FA-27F6385868BA}.Ad-Hoc|iPhone.Build.0 = Release|x86
		{BDBB2C23-AF0C-429D-94FA-27F6385868BA}.Ad-Hoc|iPhone.Deploy.0 = Release|x86
		{BDBB2C23-AF0C-429D-94FA-27F6385868BA}.Ad-Hoc|iPhoneSimulator.ActiveCfg = Release|x86
		{BDBB2C23-AF0C-429D-94FA-27F6385868BA}.Ad-Hoc|iPhoneSimulator.Build.0 = Release|x86
		{BDBB2C23-AF0C-429D-94FA-27F6385868BA}.Ad-Hoc|iPhoneSimulator.Deploy.0 = Release|x86
		{BDBB2C23-AF0C-429D-94FA-27F6385868BA}.Ad-Hoc|x64.ActiveCfg = Release|x64
		{BDBB2C23-AF0C-429D-94FA-27F6385868BA}.Ad-Hoc|x64.Build.0 = Release|x64
		{BDBB2C23-AF0C-429D-94FA-27F6385868BA}.Ad-Hoc|x64.Deploy.0 = Release|x64
		{BDBB2C23-AF0C-429D-94FA-27F6385868BA}.Ad-Hoc|x86.ActiveCfg = Release|x86
		{BDBB2C23-AF0C-429D-94FA-27F6385868BA}.Ad-Hoc|x86.Build.0 = Release|x86
		{BDBB2C23-AF0C-429D-94FA-27F6385868BA}.Ad-Hoc|x86.Deploy.0 = Release|x86
		{BDBB2C23-AF0C-429D-94FA-27F6385868BA}.AppStore|Any CPU.ActiveCfg = Release|x86
		{BDBB2C23-AF0C-429D-94FA-27F6385868BA}.AppStore|Any CPU.Build.0 = Release|x86
		{BDBB2C23-AF0C-429D-94FA-27F6385868BA}.AppStore|Any CPU.Deploy.0 = Release|x86
		{BDBB2C23-AF0C-429D-94FA-27F6385868BA}.AppStore|ARM.ActiveCfg = Release|ARM
		{BDBB2C23-AF0C-429D-94FA-27F6385868BA}.AppStore|ARM.Build.0 = Release|ARM
		{BDBB2C23-AF0C-429D-94FA-27F6385868BA}.AppStore|ARM.Deploy.0 = Release|ARM
		{BDBB2C23-AF0C-429D-94FA-27F6385868BA}.AppStore|iPhone.ActiveCfg = Release|x86
		{BDBB2C23-AF0C-429D-94FA-27F6385868BA}.AppStore|iPhone.Build.0 = Release|x86
		{BDBB2C23-AF0C-429D-94FA-27F6385868BA}.AppStore|iPhone.Deploy.0 = Release|x86
		{BDBB2C23-AF0C-429D-94FA-27F6385868BA}.AppStore|iPhoneSimulator.ActiveCfg = Release|x86
		{BDBB2C23-AF0C-429D-94FA-27F6385868BA}.AppStore|iPhoneSimulator.Build.0 = Release|x86
		{BDBB2C23-AF0C-429D-94FA-27F6385868BA}.AppStore|iPhoneSimulator.Deploy.0 = Release|x86
		{BDBB2C23-AF0C-429D-94FA-27F6385868BA}.AppStore|x64.ActiveCfg = Release|x64
		{BDBB2C23-AF0C-429D-94FA-27F6385868BA}.AppStore|x64.Build.0 = Release|x64
		{BDBB2C23-AF0C-429D-94FA-27F6385868BA}.AppStore|x64.Deploy.0 = Release|x64
		{BDBB2C23-AF0C-429D-94FA-27F6385868BA}.AppStore|x86.ActiveCfg = Release|x86
		{BDBB2C23-AF0C-429D-94FA-27F6385868BA}.AppStore|x86.Build.0 = Release|x86
		{BDBB2C23-AF0C-429D-94FA-27F6385868BA}.AppStore|x86.Deploy.0 = Release|x86
		{BDBB2C23-AF0C-429D-94FA-27F6385868BA}.Debug|Any CPU.ActiveCfg = Debug|x86
		{BDBB2C23-AF0C-429D-94FA-27F6385868BA}.Debug|ARM.ActiveCfg = Debug|ARM
		{BDBB2C23-AF0C-429D-94FA-27F6385868BA}.Debug|ARM.Build.0 = Debug|ARM
		{BDBB2C23-AF0C-429D-94FA-27F6385868BA}.Debug|ARM.Deploy.0 = Debug|ARM
		{BDBB2C23-AF0C-429D-94FA-27F6385868BA}.Debug|iPhone.ActiveCfg = Debug|x86
		{BDBB2C23-AF0C-429D-94FA-27F6385868BA}.Debug|iPhoneSimulator.ActiveCfg = Debug|x86
		{BDBB2C23-AF0C-429D-94FA-27F6385868BA}.Debug|x64.ActiveCfg = Debug|x64
		{BDBB2C23-AF0C-429D-94FA-27F6385868BA}.Debug|x64.Build.0 = Debug|x64
		{BDBB2C23-AF0C-429D-94FA-27F6385868BA}.Debug|x64.Deploy.0 = Debug|x64
		{BDBB2C23-AF0C-429D-94FA-27F6385868BA}.Debug|x86.ActiveCfg = Debug|x86
		{BDBB2C23-AF0C-429D-94FA-27F6385868BA}.Debug|x86.Build.0 = Debug|x86
		{BDBB2C23-AF0C-429D-94FA-27F6385868BA}.Debug|x86.Deploy.0 = Debug|x86
		{BDBB2C23-AF0C-429D-94FA-27F6385868BA}.Release|Any CPU.ActiveCfg = Release|x86
		{BDBB2C23-AF0C-429D-94FA-27F6385868BA}.Release|ARM.ActiveCfg = Release|ARM
		{BDBB2C23-AF0C-429D-94FA-27F6385868BA}.Release|ARM.Build.0 = Release|ARM
		{BDBB2C23-AF0C-429D-94FA-27F6385868BA}.Release|ARM.Deploy.0 = Release|ARM
		{BDBB2C23-AF0C-429D-94FA-27F6385868BA}.Release|iPhone.ActiveCfg = Release|x86
		{BDBB2C23-AF0C-429D-94FA-27F6385868BA}.Release|iPhoneSimulator.ActiveCfg = Release|x86
		{BDBB2C23-AF0C-429D-94FA-27F6385868BA}.Release|x64.ActiveCfg = Release|x64
		{BDBB2C23-AF0C-429D-94FA-27F6385868BA}.Release|x64.Build.0 = Release|x64
		{BDBB2C23-AF0C-429D-94FA-27F6385868BA}.Release|x64.Deploy.0 = Release|x64
		{BDBB2C23-AF0C-429D-94FA-27F6385868BA}.Release|x86.ActiveCfg = Release|x86
		{BDBB2C23-AF0C-429D-94FA-27F6385868BA}.Release|x86.Build.0 = Release|x86
		{BDBB2C23-AF0C-429D-94FA-27F6385868BA}.Release|x86.Deploy.0 = Release|x86
		{0662E699-695E-4D9A-A1C5-93353D18C6C3}.Ad-Hoc|Any CPU.ActiveCfg = Ad-Hoc|iPhone
		{0662E699-695E-4D9A-A1C5-93353D18C6C3}.Ad-Hoc|ARM.ActiveCfg = Ad-Hoc|iPhone
		{0662E699-695E-4D9A-A1C5-93353D18C6C3}.Ad-Hoc|iPhone.ActiveCfg = Ad-Hoc|iPhone
		{0662E699-695E-4D9A-A1C5-93353D18C6C3}.Ad-Hoc|iPhone.Build.0 = Ad-Hoc|iPhone
		{0662E699-695E-4D9A-A1C5-93353D18C6C3}.Ad-Hoc|iPhoneSimulator.ActiveCfg = Ad-Hoc|iPhoneSimulator
		{0662E699-695E-4D9A-A1C5-93353D18C6C3}.Ad-Hoc|iPhoneSimulator.Build.0 = Ad-Hoc|iPhoneSimulator
		{0662E699-695E-4D9A-A1C5-93353D18C6C3}.Ad-Hoc|x64.ActiveCfg = Ad-Hoc|iPhone
		{0662E699-695E-4D9A-A1C5-93353D18C6C3}.Ad-Hoc|x86.ActiveCfg = Ad-Hoc|iPhone
		{0662E699-695E-4D9A-A1C5-93353D18C6C3}.AppStore|Any CPU.ActiveCfg = AppStore|iPhone
		{0662E699-695E-4D9A-A1C5-93353D18C6C3}.AppStore|ARM.ActiveCfg = AppStore|iPhone
		{0662E699-695E-4D9A-A1C5-93353D18C6C3}.AppStore|iPhone.ActiveCfg = AppStore|iPhone
		{0662E699-695E-4D9A-A1C5-93353D18C6C3}.AppStore|iPhone.Build.0 = AppStore|iPhone
		{0662E699-695E-4D9A-A1C5-93353D18C6C3}.AppStore|iPhoneSimulator.ActiveCfg = AppStore|iPhoneSimulator
		{0662E699-695E-4D9A-A1C5-93353D18C6C3}.AppStore|iPhoneSimulator.Build.0 = AppStore|iPhoneSimulator
		{0662E699-695E-4D9A-A1C5-93353D18C6C3}.AppStore|x64.ActiveCfg = AppStore|iPhone
		{0662E699-695E-4D9A-A1C5-93353D18C6C3}.AppStore|x86.ActiveCfg = AppStore|iPhone
		{0662E699-695E-4D9A-A1C5-93353D18C6C3}.Debug|Any CPU.ActiveCfg = Debug|iPhone
		{0662E699-695E-4D9A-A1C5-93353D18C6C3}.Debug|ARM.ActiveCfg = Debug|iPhone
		{0662E699-695E-4D9A-A1C5-93353D18C6C3}.Debug|iPhone.ActiveCfg = Debug|iPhone
		{0662E699-695E-4D9A-A1C5-93353D18C6C3}.Debug|iPhone.Build.0 = Debug|iPhone
		{0662E699-695E-4D9A-A1C5-93353D18C6C3}.Debug|iPhoneSimulator.ActiveCfg = Debug|iPhoneSimulator
		{0662E699-695E-4D9A-A1C5-93353D18C6C3}.Debug|iPhoneSimulator.Build.0 = Debug|iPhoneSimulator
		{0662E699-695E-4D9A-A1C5-93353D18C6C3}.Debug|x64.ActiveCfg = Debug|iPhone
		{0662E699-695E-4D9A-A1C5-93353D18C6C3}.Debug|x86.ActiveCfg = Debug|iPhone
		{0662E699-695E-4D9A-A1C5-93353D18C6C3}.Release|Any CPU.ActiveCfg = Release|iPhone
		{0662E699-695E-4D9A-A1C5-93353D18C6C3}.Release|ARM.ActiveCfg = Release|iPhone
		{0662E699-695E-4D9A-A1C5-93353D18C6C3}.Release|iPhone.ActiveCfg = Release|iPhone
		{0662E699-695E-4D9A-A1C5-93353D18C6C3}.Release|iPhone.Build.0 = Release|iPhone
		{0662E699-695E-4D9A-A1C5-93353D18C6C3}.Release|iPhoneSimulator.ActiveCfg = Release|iPhoneSimulator
		{0662E699-695E-4D9A-A1C5-93353D18C6C3}.Release|iPhoneSimulator.Build.0 = Release|iPhoneSimulator
		{0662E699-695E-4D9A-A1C5-93353D18C6C3}.Release|x64.ActiveCfg = Release|iPhone
		{0662E699-695E-4D9A-A1C5-93353D18C6C3}.Release|x86.ActiveCfg = Release|iPhone
	EndGlobalSection
	GlobalSection(SolutionProperties) = preSolution
		HideSolutionNode = FALSE
	EndGlobalSection
EndGlobal
